// !$*UTF8*$!
{
	archiveVersion = 1;
	classes = {
	};
	objectVersion = 50;
	objects = {

/* Begin PBXBuildFile section */
		3FB0B3F1220A210E0051CE58 /* AppDelegate.swift in Sources */ = {isa = PBXBuildFile; fileRef = 3FB0B3F0220A210E0051CE58 /* AppDelegate.swift */; };
		3FB0B3F6220A210E0051CE58 /* Main.storyboard in Resources */ = {isa = PBXBuildFile; fileRef = 3FB0B3F4220A210E0051CE58 /* Main.storyboard */; };
		3FB0B3F8220A210F0051CE58 /* Assets.xcassets in Resources */ = {isa = PBXBuildFile; fileRef = 3FB0B3F7220A210F0051CE58 /* Assets.xcassets */; };
		3FB0B3FB220A210F0051CE58 /* LaunchScreen.storyboard in Resources */ = {isa = PBXBuildFile; fileRef = 3FB0B3F9220A210F0051CE58 /* LaunchScreen.storyboard */; };
		3FB0B406220A21DE0051CE58 /* PigViewController.swift in Sources */ = {isa = PBXBuildFile; fileRef = 3FB0B405220A21DE0051CE58 /* PigViewController.swift */; };
/* End PBXBuildFile section */

/* Begin PBXFileReference section */
		3FB0B3ED220A210E0051CE58 /* assignment 3.app */ = {isa = PBXFileReference; explicitFileType = wrapper.application; includeInIndex = 0; path = "assignment 3.app"; sourceTree = BUILT_PRODUCTS_DIR; };
		3FB0B3F0220A210E0051CE58 /* AppDelegate.swift */ = {isa = PBXFileReference; lastKnownFileType = sourcecode.swift; path = AppDelegate.swift; sourceTree = "<group>"; };
		3FB0B3F5220A210E0051CE58 /* Base */ = {isa = PBXFileReference; lastKnownFileType = file.storyboard; name = Base; path = Base.lproj/Main.storyboard; sourceTree = "<group>"; };
		3FB0B3F7220A210F0051CE58 /* Assets.xcassets */ = {isa = PBXFileReference; lastKnownFileType = folder.assetcatalog; path = Assets.xcassets; sourceTree = "<group>"; };
		3FB0B3FA220A210F0051CE58 /* Base */ = {isa = PBXFileReference; lastKnownFileType = file.storyboard; name = Base; path = Base.lproj/LaunchScreen.storyboard; sourceTree = "<group>"; };
		3FB0B3FC220A210F0051CE58 /* Info.plist */ = {isa = PBXFileReference; lastKnownFileType = text.plist.xml; path = Info.plist; sourceTree = "<group>"; };
		3FB0B405220A21DE0051CE58 /* PigViewController.swift */ = {isa = PBXFileReference; lastKnownFileType = sourcecode.swift; path = PigViewController.swift; sourceTree = "<group>"; };
/* End PBXFileReference section */

/* Begin PBXFrameworksBuildPhase section */
		3FB0B3EA220A210E0051CE58 /* Frameworks */ = {
			isa = PBXFrameworksBuildPhase;
			buildActionMask = 2147483647;
			files = (
			);
			runOnlyForDeploymentPostprocessing = 0;
		};
/* End PBXFrameworksBuildPhase section */

/* Begin PBXGroup section */
		3FB0B3E4220A210E0051CE58 = {
			isa = PBXGroup;
			children = (
				3FB0B3EF220A210E0051CE58 /* assignment 3 */,
				3FB0B3EE220A210E0051CE58 /* Products */,
			);
			sourceTree = "<group>";
		};
		3FB0B3EE220A210E0051CE58 /* Products */ = {
			isa = PBXGroup;
			children = (
				3FB0B3ED220A210E0051CE58 /* assignment 3.app */,
			);
			name = Products;
			sourceTree = "<group>";
		};
		3FB0B3EF220A210E0051CE58 /* assignment 3 */ = {
			isa = PBXGroup;
			children = (
				3FB0B404220A21640051CE58 /* Support FIles */,
				3FB0B403220A215B0051CE58 /* Views */,
				3FB0B402220A21550051CE58 /* Model */,
				3FB0B3F4220A210E0051CE58 /* Main.storyboard */,
				3FB0B3FC220A210F0051CE58 /* Info.plist */,
			);
			path = "assignment 3";
			sourceTree = "<group>";
		};
		3FB0B402220A21550051CE58 /* Model */ = {
			isa = PBXGroup;
			children = (
			);
			path = Model;
			sourceTree = "<group>";
		};
		3FB0B403220A215B0051CE58 /* Views */ = {
			isa = PBXGroup;
			children = (
				3FB0B405220A21DE0051CE58 /* PigViewController.swift */,
			);
			path = Views;
			sourceTree = "<group>";
		};
		3FB0B404220A21640051CE58 /* Support FIles */ = {
			isa = PBXGroup;
			children = (
				3FB0B3F0220A210E0051CE58 /* AppDelegate.swift */,
				3FB0B3F9220A210F0051CE58 /* LaunchScreen.storyboard */,
				3FB0B3F7220A210F0051CE58 /* Assets.xcassets */,
			);
			path = "Support FIles";
			sourceTree = "<group>";
		};
/* End PBXGroup section */

/* Begin PBXNativeTarget section */
		3FB0B3EC220A210E0051CE58 /* assignment 3 */ = {
			isa = PBXNativeTarget;
			buildConfigurationList = 3FB0B3FF220A210F0051CE58 /* Build configuration list for PBXNativeTarget "assignment 3" */;
			buildPhases = (
				3FB0B3E9220A210E0051CE58 /* Sources */,
				3FB0B3EA220A210E0051CE58 /* Frameworks */,
				3FB0B3EB220A210E0051CE58 /* Resources */,
			);
			buildRules = (
			);
			dependencies = (
			);
			name = "assignment 3";
			productName = "assignment 3";
			productReference = 3FB0B3ED220A210E0051CE58 /* assignment 3.app */;
			productType = "com.apple.product-type.application";
		};
/* End PBXNativeTarget section */

/* Begin PBXProject section */
		3FB0B3E5220A210E0051CE58 /* Project object */ = {
			isa = PBXProject;
			attributes = {
				LastSwiftUpdateCheck = 1010;
				LastUpgradeCheck = 1010;
				ORGANIZATIONNAME = Student;
				TargetAttributes = {
					3FB0B3EC220A210E0051CE58 = {
						CreatedOnToolsVersion = 10.1;
					};
				};
			};
			buildConfigurationList = 3FB0B3E8220A210E0051CE58 /* Build configuration list for PBXProject "assignment 3" */;
			compatibilityVersion = "Xcode 9.3";
			developmentRegion = en;
			hasScannedForEncodings = 0;
			knownRegions = (
				en,
				Base,
			);
			mainGroup = 3FB0B3E4220A210E0051CE58;
			productRefGroup = 3FB0B3EE220A210E0051CE58 /* Products */;
			projectDirPath = "";
			projectRoot = "";
			targets = (
				3FB0B3EC220A210E0051CE58 /* assignment 3 */,
			);
		};
/* End PBXProject section */

/* Begin PBXResourcesBuildPhase section */
		3FB0B3EB220A210E0051CE58 /* Resources */ = {
			isa = PBXResourcesBuildPhase;
			buildActionMask = 2147483647;
			files = (
				3FB0B3FB220A210F0051CE58 /* LaunchScreen.storyboard in Resources */,
				3FB0B3F8220A210F0051CE58 /* Assets.xcassets in Resources */,
				3FB0B3F6220A210E0051CE58 /* Main.storyboard in Resources */,
			);
			runOnlyForDeploymentPostprocessing = 0;
		};
/* End PBXResourcesBuildPhase section */

/* Begin PBXSourcesBuildPhase section */
		3FB0B3E9220A210E0051CE58 /* Sources */ = {
			isa = PBXSourcesBuildPhase;
			buildActionMask = 2147483647;
			files = (
				3FB0B3F1220A210E0051CE58 /* AppDelegate.swift in Sources */,
				3FB0B406220A21DE0051CE58 /* PigViewController.swift in Sources */,
			);
			runOnlyForDeploymentPostprocessing = 0;
		};
/* End PBXSourcesBuildPhase section */

/* Begin PBXVariantGroup section */
		3FB0B3F4220A210E0051CE58 /* Main.storyboard */ = {
			isa = PBXVariantGroup;
			children = (
				3FB0B3F5220A210E0051CE58 /* Base */,
			);
			name = Main.storyboard;
			sourceTree = "<group>";
		};
		3FB0B3F9220A210F0051CE58 /* LaunchScreen.storyboard */ = {
			isa = PBXVariantGroup;
			children = (
				3FB0B3FA220A210F0051CE58 /* Base */,
			);
			name = LaunchScreen.storyboard;
			sourceTree = "<group>";
		};
/* End PBXVariantGroup section */

/* Begin XCBuildConfiguration section */
		3FB0B3FD220A210F0051CE58 /* Debug */ = {
			isa = XCBuildConfiguration;
			buildSettings = {
				ALWAYS_SEARCH_USER_PATHS = NO;
				CLANG_ANALYZER_NONNULL = YES;
				CLANG_ANALYZER_NUMBER_OBJECT_CONVERSION = YES_AGGRESSIVE;
				CLANG_CXX_LANGUAGE_STANDARD = "gnu++14";
				CLANG_CXX_LIBRARY = "libc++";
				CLANG_ENABLE_MODULES = YES;
				CLANG_ENABLE_OBJC_ARC = YES;
				CLANG_ENABLE_OBJC_WEAK = YES;
				CLANG_WARN_BLOCK_CAPTURE_AUTORELEASING = YES;
				CLANG_WARN_BOOL_CONVERSION = YES;
				CLANG_WARN_COMMA = YES;
				CLANG_WARN_CONSTANT_CONVERSION = YES;
				CLANG_WARN_DEPRECATED_OBJC_IMPLEMENTATIONS = YES;
				CLANG_WARN_DIRECT_OBJC_ISA_USAGE = YES_ERROR;
				CLANG_WARN_DOCUMENTATION_COMMENTS = YES;
				CLANG_WARN_EMPTY_BODY = YES;
				CLANG_WARN_ENUM_CONVERSION = YES;
				CLANG_WARN_INFINITE_RECURSION = YES;
				CLANG_WARN_INT_CONVERSION = YES;
				CLANG_WARN_NON_LITERAL_NULL_CONVERSION = YES;
				CLANG_WARN_OBJC_IMPLICIT_RETAIN_SELF = YES;
				CLANG_WARN_OBJC_LITERAL_CONVERSION = YES;
				CLANG_WARN_OBJC_ROOT_CLASS = YES_ERROR;
				CLANG_WARN_RANGE_LOOP_ANALYSIS = YES;
				CLANG_WARN_STRICT_PROTOTYPES = YES;
				CLANG_WARN_SUSPICIOUS_MOVE = YES;
				CLANG_WARN_UNGUARDED_AVAILABILITY = YES_AGGRESSIVE;
				CLANG_WARN_UNREACHABLE_CODE = YES;
				CLANG_WARN__DUPLICATE_METHOD_MATCH = YES;
				CODE_SIGN_IDENTITY = "iPhone Developer";
				COPY_PHASE_STRIP = NO;
				DEBUG_INFORMATION_FORMAT = dwarf;
				ENABLE_STRICT_OBJC_MSGSEND = YES;
				ENABLE_TESTABILITY = YES;
				GCC_C_LANGUAGE_STANDARD = gnu11;
				GCC_DYNAMIC_NO_PIC = NO;
				GCC_NO_COMMON_BLOCKS = YES;
				GCC_OPTIMIZATION_LEVEL = 0;
				GCC_PREPROCESSOR_DEFINITIONS = (
					"DEBUG=1",
					"$(inherited)",
				);
				GCC_WARN_64_TO_32_BIT_CONVERSION = YES;
				GCC_WARN_ABOUT_RETURN_TYPE = YES_ERROR;
				GCC_WARN_UNDECLARED_SELECTOR = YES;
				GCC_WARN_UNINITIALIZED_AUTOS = YES_AGGRESSIVE;
				GCC_WARN_UNUSED_FUNCTION = YES;
				GCC_WARN_UNUSED_VARIABLE = YES;
				IPHONEOS_DEPLOYMENT_TARGET = 12.1;
				MTL_ENABLE_DEBUG_INFO = INCLUDE_SOURCE;
				MTL_FAST_MATH = YES;
				ONLY_ACTIVE_ARCH = YES;
				SDKROOT = iphoneos;
				SWIFT_ACTIVE_COMPILATION_CONDITIONS = DEBUG;
				SWIFT_OPTIMIZATION_LEVEL = "-Onone";
			};
			name = Debug;
		};
		3FB0B3FE220A210F0051CE58 /* Release */ = {
			isa = XCBuildConfiguration;
			buildSettings = {
				ALWAYS_SEARCH_USER_PATHS = NO;
				CLANG_ANALYZER_NONNULL = YES;
				CLANG_ANALYZER_NUMBER_OBJECT_CONVERSION = YES_AGGRESSIVE;
				CLANG_CXX_LANGUAGE_STANDARD = "gnu++14";
				CLANG_CXX_LIBRARY = "libc++";
				CLANG_ENABLE_MODULES = YES;
				CLANG_ENABLE_OBJC_ARC = YES;
				CLANG_ENABLE_OBJC_WEAK = YES;
				CLANG_WARN_BLOCK_CAPTURE_AUTORELEASING = YES;
				CLANG_WARN_BOOL_CONVERSION = YES;
				CLANG_WARN_COMMA = YES;
				CLANG_WARN_CONSTANT_CONVERSION = YES;
				CLANG_WARN_DEPRECATED_OBJC_IMPLEMENTATIONS = YES;
				CLANG_WARN_DIRECT_OBJC_ISA_USAGE = YES_ERROR;
				CLANG_WARN_DOCUMENTATION_COMMENTS = YES;
				CLANG_WARN_EMPTY_BODY = YES;
				CLANG_WARN_ENUM_CONVERSION = YES;
				CLANG_WARN_INFINITE_RECURSION = YES;
				CLANG_WARN_INT_CONVERSION = YES;
				CLANG_WARN_NON_LITERAL_NULL_CONVERSION = YES;
				CLANG_WARN_OBJC_IMPLICIT_RETAIN_SELF = YES;
				CLANG_WARN_OBJC_LITERAL_CONVERSION = YES;
				CLANG_WARN_OBJC_ROOT_CLASS = YES_ERROR;
				CLANG_WARN_RANGE_LOOP_ANALYSIS = YES;
				CLANG_WARN_STRICT_PROTOTYPES = YES;
				CLANG_WARN_SUSPICIOUS_MOVE = YES;
				CLANG_WARN_UNGUARDED_AVAILABILITY = YES_AGGRESSIVE;
				CLANG_WARN_UNREACHABLE_CODE = YES;
				CLANG_WARN__DUPLICATE_METHOD_MATCH = YES;
				CODE_SIGN_IDENTITY = "iPhone Developer";
				COPY_PHASE_STRIP = NO;
				DEBUG_INFORMATION_FORMAT = "dwarf-with-dsym";
				ENABLE_NS_ASSERTIONS = NO;
				ENABLE_STRICT_OBJC_MSGSEND = YES;
				GCC_C_LANGUAGE_STANDARD = gnu11;
				GCC_NO_COMMON_BLOCKS = YES;
				GCC_WARN_64_TO_32_BIT_CONVERSION = YES;
				GCC_WARN_ABOUT_RETURN_TYPE = YES_ERROR;
				GCC_WARN_UNDECLARED_SELECTOR = YES;
				GCC_WARN_UNINITIALIZED_AUTOS = YES_AGGRESSIVE;
				GCC_WARN_UNUSED_FUNCTION = YES;
				GCC_WARN_UNUSED_VARIABLE = YES;
				IPHONEOS_DEPLOYMENT_TARGET = 12.1;
				MTL_ENABLE_DEBUG_INFO = NO;
				MTL_FAST_MATH = YES;
				SDKROOT = iphoneos;
				SWIFT_COMPILATION_MODE = wholemodule;
				SWIFT_OPTIMIZATION_LEVEL = "-O";
				VALIDATE_PRODUCT = YES;
			};
			name = Release;
		};
		3FB0B400220A210F0051CE58 /* Debug */ = {
			isa = XCBuildConfiguration;
			buildSettings = {
				ASSETCATALOG_COMPILER_APPICON_NAME = AppIcon;
				CODE_SIGN_STYLE = Automatic;
				INFOPLIST_FILE = "assignment 3/Info.plist";
				LD_RUNPATH_SEARCH_PATHS = (
					"$(inherited)",
					"@executable_path/Frameworks",
				);
				PRODUCT_BUNDLE_IDENTIFIER = "edu.otterbein.assignment-3";
				PRODUCT_NAME = "$(TARGET_NAME)";
				SWIFT_VERSION = 4.2;
				TARGETED_DEVICE_FAMILY = "1,2";
			};
			name = Debug;
		};
		3FB0B401220A210F0051CE58 /* Release */ = {
			isa = XCBuildConfiguration;
			buildSettings = {
				ASSETCATALOG_COMPILER_APPICON_NAME = AppIcon;
				CODE_SIGN_STYLE = Automatic;
				INFOPLIST_FILE = "assignment 3/Info.plist";
				LD_RUNPATH_SEARCH_PATHS = (
					"$(inherited)",
					"@executable_path/Frameworks",
				);
				PRODUCT_BUNDLE_IDENTIFIER = "edu.otterbein.assignment-3";
				PRODUCT_NAME = "$(TARGET_NAME)";
				SWIFT_VERSION = 4.2;
				TARGETED_DEVICE_FAMILY = "1,2";
			};
			name = Release;
		};
/* End XCBuildConfiguration section */

/* Begin XCConfigurationList section */
		3FB0B3E8220A210E0051CE58 /* Build configuration list for PBXProject "assignment 3" */ = {
			isa = XCConfigurationList;
			buildConfigurations = (
				3FB0B3FD220A210F0051CE58 /* Debug */,
				3FB0B3FE220A210F0051CE58 /* Release */,
			);
			defaultConfigurationIsVisible = 0;
			defaultConfigurationName = Release;
		};
		3FB0B3FF220A210F0051CE58 /* Build configuration list for PBXNativeTarget "assignment 3" */ = {
			isa = XCConfigurationList;
			buildConfigurations = (
				3FB0B400220A210F0051CE58 /* Debug */,
				3FB0B401220A210F0051CE58 /* Release */,
			);
			defaultConfigurationIsVisible = 0;
			defaultConfigurationName = Release;
		};
/* End XCConfigurationList section */
	};
	rootObject = 3FB0B3E5220A210E0051CE58 /* Project object */;
}
